{
  "name": "@roflsec/splitit",
  "version": "0.0.10",
  "lockfileVersion": 3,
  "requires": true,
  "packages": {
    "": {
      "name": "@roflsec/splitit",
      "version": "0.0.10",
      "bin": {
        "splitit": "bin/splitit",
        "splitit-clean": "bin/clean.sh",
        "splitit-tree": "scripts/tree.sh"
      }
    }
  }
}
